
Microsoft Visual Studio Solution File, Format Version 12.00
# Visual Studio Version 16
VisualStudioVersion = 16.0.31605.320
MinimumVisualStudioVersion = 10.0.40219.1
Project("{8BC9CEB8-8B4A-11D0-8D11-00A0C91BC942}") = "Jazz Jack Rabbit 2", "Jazz Jack Rabbit 2.vcxproj", "{2FED0393-97CA-4996-A5C6-CF572ED8F864}"
EndProject
Global
	GlobalSection(SolutionConfigurationPlatforms) = preSolution
		Debug|x64 = Debug|x64
		Debug|x86 = Debug|x86
		Release|x64 = Release|x64
		Release|x86 = Release|x86
	EndGlobalSection
	GlobalSection(ProjectConfigurationPlatforms) = postSolution
		{2FED0393-97CA-4996-A5C6-CF572ED8F864}.Debug|x64.ActiveCfg = Debug|x64
		{2FED0393-97CA-4996-A5C6-CF572ED8F864}.Debug|x64.Build.0 = Debug|x64
		{2FED0393-97CA-4996-A5C6-CF572ED8F864}.Debug|x86.ActiveCfg = Debug|Win32
		{2FED0393-97CA-4996-A5C6-CF572ED8F864}.Debug|x86.Build.0 = Debug|Win32
		{2FED0393-97CA-4996-A5C6-CF572ED8F864}.Release|x64.ActiveCfg = Release|x64
		{2FED0393-97CA-4996-A5C6-CF572ED8F864}.Release|x64.Build.0 = Release|x64
		{2FED0393-97CA-4996-A5C6-CF572ED8F864}.Release|x86.ActiveCfg = Release|Win32
		{2FED0393-97CA-4996-A5C6-CF572ED8F864}.Release|x86.Build.0 = Release|Win32
	EndGlobalSection
	GlobalSection(SolutionProperties) = preSolution
		HideSolutionNode = FALSE
	EndGlobalSection
	GlobalSection(ExtensibilityGlobals) = postSolution
		SolutionGuid = {BF9B97B3-01A3-4EEE-94FC-961B6E417D56}
	EndGlobalSection
EndGlobal
